// !$*UTF8*$!
{
	archiveVersion = 1;
	classes = {
	};
	objectVersion = 50;
	objects = {

/* Begin PBXBuildFile section */
		E2934D71264FB43B008DB3EF /* pokemonSerchApp.swift in Sources */ = {isa = PBXBuildFile; fileRef = E2934D70264FB43B008DB3EF /* pokemonSerchApp.swift */; };
		E2934D73264FB43B008DB3EF /* PokemonListView.swift in Sources */ = {isa = PBXBuildFile; fileRef = E2934D72264FB43B008DB3EF /* PokemonListView.swift */; };
		E2934D75264FB43E008DB3EF /* Assets.xcassets in Resources */ = {isa = PBXBuildFile; fileRef = E2934D74264FB43E008DB3EF /* Assets.xcassets */; };
		E2934D78264FB43E008DB3EF /* Preview Assets.xcassets in Resources */ = {isa = PBXBuildFile; fileRef = E2934D77264FB43E008DB3EF /* Preview Assets.xcassets */; };
		E2934D83264FB43F008DB3EF /* PokemonListViewModelTests.swift in Sources */ = {isa = PBXBuildFile; fileRef = E2934D82264FB43F008DB3EF /* PokemonListViewModelTests.swift */; };
		E2934D8E264FB43F008DB3EF /* pokemonSerchUITests.swift in Sources */ = {isa = PBXBuildFile; fileRef = E2934D8D264FB43F008DB3EF /* pokemonSerchUITests.swift */; };
		E2934DAD264FB59B008DB3EF /* Pokemons.swift in Sources */ = {isa = PBXBuildFile; fileRef = E2934DAC264FB59B008DB3EF /* Pokemons.swift */; };
		E2934DB2264FB5B6008DB3EF /* Pokemon.swift in Sources */ = {isa = PBXBuildFile; fileRef = E2934DB1264FB5B6008DB3EF /* Pokemon.swift */; };
		E2934DB8264FB6AC008DB3EF /* Stateful.swift in Sources */ = {isa = PBXBuildFile; fileRef = E2934DB7264FB6AC008DB3EF /* Stateful.swift */; };
		E2934DC5264FB7EC008DB3EF /* PokemonDetailView.swift in Sources */ = {isa = PBXBuildFile; fileRef = E2934DC4264FB7EC008DB3EF /* PokemonDetailView.swift */; };
		E2934DD52650E81C008DB3EF /* PokemonAPIClient.swift in Sources */ = {isa = PBXBuildFile; fileRef = E2934DD42650E81C008DB3EF /* PokemonAPIClient.swift */; };
		E2934DDE2650E8E7008DB3EF /* PokemonListViewModel.swift in Sources */ = {isa = PBXBuildFile; fileRef = E2934DDD2650E8E7008DB3EF /* PokemonListViewModel.swift */; };
		E2934DE72650E951008DB3EF /* PokemonRepository.swift in Sources */ = {isa = PBXBuildFile; fileRef = E2934DE62650E951008DB3EF /* PokemonRepository.swift */; };
		E2934DF42650FBC9008DB3EF /* PokemonSearchView.swift in Sources */ = {isa = PBXBuildFile; fileRef = E2934DF32650FBC9008DB3EF /* PokemonSearchView.swift */; };
		E2934E3326510895008DB3EF /* Locations.swift in Sources */ = {isa = PBXBuildFile; fileRef = E2934E2926510892008DB3EF /* Locations.swift */; };
		E2934E3426510895008DB3EF /* PokemonDetail.swift in Sources */ = {isa = PBXBuildFile; fileRef = E2934E2A26510893008DB3EF /* PokemonDetail.swift */; };
		E2934E3526510895008DB3EF /* Machines.swift in Sources */ = {isa = PBXBuildFile; fileRef = E2934E2B26510893008DB3EF /* Machines.swift */; };
		E2934E3626510895008DB3EF /* Contests.swift in Sources */ = {isa = PBXBuildFile; fileRef = E2934E2C26510893008DB3EF /* Contests.swift */; };
		E2934E3726510895008DB3EF /* Items.swift in Sources */ = {isa = PBXBuildFile; fileRef = E2934E2D26510893008DB3EF /* Items.swift */; };
		E2934E3826510895008DB3EF /* Encounters.swift in Sources */ = {isa = PBXBuildFile; fileRef = E2934E2E26510893008DB3EF /* Encounters.swift */; };
		E2934E3926510895008DB3EF /* Moves.swift in Sources */ = {isa = PBXBuildFile; fileRef = E2934E2F26510894008DB3EF /* Moves.swift */; };
		E2934E3A26510895008DB3EF /* Berries.swift in Sources */ = {isa = PBXBuildFile; fileRef = E2934E3026510894008DB3EF /* Berries.swift */; };
		E2934E3B26510895008DB3EF /* Evolution.swift in Sources */ = {isa = PBXBuildFile; fileRef = E2934E3126510894008DB3EF /* Evolution.swift */; };
		E2934E3C26510895008DB3EF /* Games.swift in Sources */ = {isa = PBXBuildFile; fileRef = E2934E3226510894008DB3EF /* Games.swift */; };
		E2934E4126510948008DB3EF /* Resource.swift in Sources */ = {isa = PBXBuildFile; fileRef = E2934E4026510948008DB3EF /* Resource.swift */; };
		E2934E4626510979008DB3EF /* Utilities.swift in Sources */ = {isa = PBXBuildFile; fileRef = E2934E4526510979008DB3EF /* Utilities.swift */; };
		E2934E4B26510B11008DB3EF /* PokemonDetailViewModel.swift in Sources */ = {isa = PBXBuildFile; fileRef = E2934E4A26510B11008DB3EF /* PokemonDetailViewModel.swift */; };
		E2934E542651F6CF008DB3EF /* Pokemons+mock.swift in Sources */ = {isa = PBXBuildFile; fileRef = E2934E532651F6CF008DB3EF /* Pokemons+mock.swift */; };
		E2934E582651F6D3008DB3EF /* Pokemons+mock.swift in Sources */ = {isa = PBXBuildFile; fileRef = E2934E532651F6CF008DB3EF /* Pokemons+mock.swift */; };
		E2934E5D2651F6F7008DB3EF /* Pokemon+mock.swift in Sources */ = {isa = PBXBuildFile; fileRef = E2934E5C2651F6F7008DB3EF /* Pokemon+mock.swift */; };
		E2934E612651FE1B008DB3EF /* Pokemons.swift in Sources */ = {isa = PBXBuildFile; fileRef = E2934DAC264FB59B008DB3EF /* Pokemons.swift */; };
		E2934E652651FE25008DB3EF /* Pokemon.swift in Sources */ = {isa = PBXBuildFile; fileRef = E2934DB1264FB5B6008DB3EF /* Pokemon.swift */; };
		E2934E692651FE3B008DB3EF /* PokemonRepository.swift in Sources */ = {isa = PBXBuildFile; fileRef = E2934DE62650E951008DB3EF /* PokemonRepository.swift */; };
		E2934E6D2651FE3E008DB3EF /* PokemonListViewModel.swift in Sources */ = {isa = PBXBuildFile; fileRef = E2934DDD2650E8E7008DB3EF /* PokemonListViewModel.swift */; };
		E2934E712651FE41008DB3EF /* PokemonDetailViewModel.swift in Sources */ = {isa = PBXBuildFile; fileRef = E2934E4A26510B11008DB3EF /* PokemonDetailViewModel.swift */; };
		E2934E752651FE45008DB3EF /* PokemonListView.swift in Sources */ = {isa = PBXBuildFile; fileRef = E2934D72264FB43B008DB3EF /* PokemonListView.swift */; };
		E2934E792651FE47008DB3EF /* PokemonDetailView.swift in Sources */ = {isa = PBXBuildFile; fileRef = E2934DC4264FB7EC008DB3EF /* PokemonDetailView.swift */; };
		E2934E7D2651FE4A008DB3EF /* PokemonSearchView.swift in Sources */ = {isa = PBXBuildFile; fileRef = E2934DF32650FBC9008DB3EF /* PokemonSearchView.swift */; };
		E2934E812651FE6A008DB3EF /* Stateful.swift in Sources */ = {isa = PBXBuildFile; fileRef = E2934DB7264FB6AC008DB3EF /* Stateful.swift */; };
		E2934E852651FE7A008DB3EF /* PokemonAPIClient.swift in Sources */ = {isa = PBXBuildFile; fileRef = E2934DD42650E81C008DB3EF /* PokemonAPIClient.swift */; };
		E2934E892651FE7E008DB3EF /* Utilities.swift in Sources */ = {isa = PBXBuildFile; fileRef = E2934E4526510979008DB3EF /* Utilities.swift */; };
		E2934E8D2651FE85008DB3EF /* PokemonDetail.swift in Sources */ = {isa = PBXBuildFile; fileRef = E2934E2A26510893008DB3EF /* PokemonDetail.swift */; };
		E2934E912651FE8C008DB3EF /* Moves.swift in Sources */ = {isa = PBXBuildFile; fileRef = E2934E2F26510894008DB3EF /* Moves.swift */; };
		E2934E952651FE8E008DB3EF /* Machines.swift in Sources */ = {isa = PBXBuildFile; fileRef = E2934E2B26510893008DB3EF /* Machines.swift */; };
		E2934E992651FE91008DB3EF /* Locations.swift in Sources */ = {isa = PBXBuildFile; fileRef = E2934E2926510892008DB3EF /* Locations.swift */; };
		E2934E9D2651FE97008DB3EF /* Items.swift in Sources */ = {isa = PBXBuildFile; fileRef = E2934E2D26510893008DB3EF /* Items.swift */; };
		E2934EA12651FE9A008DB3EF /* Games.swift in Sources */ = {isa = PBXBuildFile; fileRef = E2934E3226510894008DB3EF /* Games.swift */; };
		E2934EA52651FE9C008DB3EF /* Evolution.swift in Sources */ = {isa = PBXBuildFile; fileRef = E2934E3126510894008DB3EF /* Evolution.swift */; };
		E2934EA92651FE9E008DB3EF /* Encounters.swift in Sources */ = {isa = PBXBuildFile; fileRef = E2934E2E26510893008DB3EF /* Encounters.swift */; };
		E2934EAD2651FEA1008DB3EF /* Contests.swift in Sources */ = {isa = PBXBuildFile; fileRef = E2934E2C26510893008DB3EF /* Contests.swift */; };
		E2934EB12651FEA3008DB3EF /* Berries.swift in Sources */ = {isa = PBXBuildFile; fileRef = E2934E3026510894008DB3EF /* Berries.swift */; };
		E2934EB52651FEA6008DB3EF /* Resource.swift in Sources */ = {isa = PBXBuildFile; fileRef = E2934E4026510948008DB3EF /* Resource.swift */; };
		E2934EB92651FEC4008DB3EF /* Pokemon+mock.swift in Sources */ = {isa = PBXBuildFile; fileRef = E2934E5C2651F6F7008DB3EF /* Pokemon+mock.swift */; };
/* End PBXBuildFile section */

/* Begin PBXContainerItemProxy section */
		E2934D7F264FB43F008DB3EF /* PBXContainerItemProxy */ = {
			isa = PBXContainerItemProxy;
			containerPortal = E2934D65264FB43B008DB3EF /* Project object */;
			proxyType = 1;
			remoteGlobalIDString = E2934D6C264FB43B008DB3EF;
			remoteInfo = pokemonSerch;
		};
		E2934D8A264FB43F008DB3EF /* PBXContainerItemProxy */ = {
			isa = PBXContainerItemProxy;
			containerPortal = E2934D65264FB43B008DB3EF /* Project object */;
			proxyType = 1;
			remoteGlobalIDString = E2934D6C264FB43B008DB3EF;
			remoteInfo = pokemonSerch;
		};
/* End PBXContainerItemProxy section */

/* Begin PBXFileReference section */
		E2934D6D264FB43B008DB3EF /* pokemonSerch.app */ = {isa = PBXFileReference; explicitFileType = wrapper.application; includeInIndex = 0; path = pokemonSerch.app; sourceTree = BUILT_PRODUCTS_DIR; };
		E2934D70264FB43B008DB3EF /* pokemonSerchApp.swift */ = {isa = PBXFileReference; lastKnownFileType = sourcecode.swift; path = pokemonSerchApp.swift; sourceTree = "<group>"; };
		E2934D72264FB43B008DB3EF /* PokemonListView.swift */ = {isa = PBXFileReference; lastKnownFileType = sourcecode.swift; path = PokemonListView.swift; sourceTree = "<group>"; };
		E2934D74264FB43E008DB3EF /* Assets.xcassets */ = {isa = PBXFileReference; lastKnownFileType = folder.assetcatalog; path = Assets.xcassets; sourceTree = "<group>"; };
		E2934D77264FB43E008DB3EF /* Preview Assets.xcassets */ = {isa = PBXFileReference; lastKnownFileType = folder.assetcatalog; path = "Preview Assets.xcassets"; sourceTree = "<group>"; };
		E2934D79264FB43E008DB3EF /* Info.plist */ = {isa = PBXFileReference; lastKnownFileType = text.plist.xml; path = Info.plist; sourceTree = "<group>"; };
		E2934D7E264FB43F008DB3EF /* pokemonSerchTests.xctest */ = {isa = PBXFileReference; explicitFileType = wrapper.cfbundle; includeInIndex = 0; path = pokemonSerchTests.xctest; sourceTree = BUILT_PRODUCTS_DIR; };
		E2934D82264FB43F008DB3EF /* PokemonListViewModelTests.swift */ = {isa = PBXFileReference; lastKnownFileType = sourcecode.swift; path = PokemonListViewModelTests.swift; sourceTree = "<group>"; };
		E2934D84264FB43F008DB3EF /* Info.plist */ = {isa = PBXFileReference; lastKnownFileType = text.plist.xml; path = Info.plist; sourceTree = "<group>"; };
		E2934D89264FB43F008DB3EF /* pokemonSerchUITests.xctest */ = {isa = PBXFileReference; explicitFileType = wrapper.cfbundle; includeInIndex = 0; path = pokemonSerchUITests.xctest; sourceTree = BUILT_PRODUCTS_DIR; };
		E2934D8D264FB43F008DB3EF /* pokemonSerchUITests.swift */ = {isa = PBXFileReference; lastKnownFileType = sourcecode.swift; path = pokemonSerchUITests.swift; sourceTree = "<group>"; };
		E2934D8F264FB43F008DB3EF /* Info.plist */ = {isa = PBXFileReference; lastKnownFileType = text.plist.xml; path = Info.plist; sourceTree = "<group>"; };
		E2934DAC264FB59B008DB3EF /* Pokemons.swift */ = {isa = PBXFileReference; lastKnownFileType = sourcecode.swift; path = Pokemons.swift; sourceTree = "<group>"; };
		E2934DB1264FB5B6008DB3EF /* Pokemon.swift */ = {isa = PBXFileReference; lastKnownFileType = sourcecode.swift; path = Pokemon.swift; sourceTree = "<group>"; };
		E2934DB7264FB6AC008DB3EF /* Stateful.swift */ = {isa = PBXFileReference; lastKnownFileType = sourcecode.swift; path = Stateful.swift; sourceTree = "<group>"; };
		E2934DC4264FB7EC008DB3EF /* PokemonDetailView.swift */ = {isa = PBXFileReference; lastKnownFileType = sourcecode.swift; path = PokemonDetailView.swift; sourceTree = "<group>"; };
		E2934DD42650E81C008DB3EF /* PokemonAPIClient.swift */ = {isa = PBXFileReference; lastKnownFileType = sourcecode.swift; path = PokemonAPIClient.swift; sourceTree = "<group>"; };
		E2934DDD2650E8E7008DB3EF /* PokemonListViewModel.swift */ = {isa = PBXFileReference; lastKnownFileType = sourcecode.swift; path = PokemonListViewModel.swift; sourceTree = "<group>"; };
		E2934DE62650E951008DB3EF /* PokemonRepository.swift */ = {isa = PBXFileReference; lastKnownFileType = sourcecode.swift; path = PokemonRepository.swift; sourceTree = "<group>"; };
		E2934DF32650FBC9008DB3EF /* PokemonSearchView.swift */ = {isa = PBXFileReference; lastKnownFileType = sourcecode.swift; path = PokemonSearchView.swift; sourceTree = "<group>"; };
		E2934E2926510892008DB3EF /* Locations.swift */ = {isa = PBXFileReference; fileEncoding = 4; lastKnownFileType = sourcecode.swift; path = Locations.swift; sourceTree = "<group>"; };
		E2934E2A26510893008DB3EF /* PokemonDetail.swift */ = {isa = PBXFileReference; fileEncoding = 4; lastKnownFileType = sourcecode.swift; path = PokemonDetail.swift; sourceTree = "<group>"; };
		E2934E2B26510893008DB3EF /* Machines.swift */ = {isa = PBXFileReference; fileEncoding = 4; lastKnownFileType = sourcecode.swift; path = Machines.swift; sourceTree = "<group>"; };
		E2934E2C26510893008DB3EF /* Contests.swift */ = {isa = PBXFileReference; fileEncoding = 4; lastKnownFileType = sourcecode.swift; path = Contests.swift; sourceTree = "<group>"; };
		E2934E2D26510893008DB3EF /* Items.swift */ = {isa = PBXFileReference; fileEncoding = 4; lastKnownFileType = sourcecode.swift; path = Items.swift; sourceTree = "<group>"; };
		E2934E2E26510893008DB3EF /* Encounters.swift */ = {isa = PBXFileReference; fileEncoding = 4; lastKnownFileType = sourcecode.swift; path = Encounters.swift; sourceTree = "<group>"; };
		E2934E2F26510894008DB3EF /* Moves.swift */ = {isa = PBXFileReference; fileEncoding = 4; lastKnownFileType = sourcecode.swift; path = Moves.swift; sourceTree = "<group>"; };
		E2934E3026510894008DB3EF /* Berries.swift */ = {isa = PBXFileReference; fileEncoding = 4; lastKnownFileType = sourcecode.swift; path = Berries.swift; sourceTree = "<group>"; };
		E2934E3126510894008DB3EF /* Evolution.swift */ = {isa = PBXFileReference; fileEncoding = 4; lastKnownFileType = sourcecode.swift; path = Evolution.swift; sourceTree = "<group>"; };
		E2934E3226510894008DB3EF /* Games.swift */ = {isa = PBXFileReference; fileEncoding = 4; lastKnownFileType = sourcecode.swift; path = Games.swift; sourceTree = "<group>"; };
		E2934E4026510948008DB3EF /* Resource.swift */ = {isa = PBXFileReference; fileEncoding = 4; lastKnownFileType = sourcecode.swift; path = Resource.swift; sourceTree = "<group>"; };
		E2934E4526510979008DB3EF /* Utilities.swift */ = {isa = PBXFileReference; fileEncoding = 4; lastKnownFileType = sourcecode.swift; path = Utilities.swift; sourceTree = "<group>"; };
		E2934E4A26510B11008DB3EF /* PokemonDetailViewModel.swift */ = {isa = PBXFileReference; lastKnownFileType = sourcecode.swift; path = PokemonDetailViewModel.swift; sourceTree = "<group>"; };
		E2934E532651F6CF008DB3EF /* Pokemons+mock.swift */ = {isa = PBXFileReference; lastKnownFileType = sourcecode.swift; path = "Pokemons+mock.swift"; sourceTree = "<group>"; };
		E2934E5C2651F6F7008DB3EF /* Pokemon+mock.swift */ = {isa = PBXFileReference; lastKnownFileType = sourcecode.swift; path = "Pokemon+mock.swift"; sourceTree = "<group>"; };
/* End PBXFileReference section */

/* Begin PBXFrameworksBuildPhase section */
		E2934D6A264FB43B008DB3EF /* Frameworks */ = {
			isa = PBXFrameworksBuildPhase;
			buildActionMask = 2147483647;
			files = (
			);
			runOnlyForDeploymentPostprocessing = 0;
		};
		E2934D7B264FB43F008DB3EF /* Frameworks */ = {
			isa = PBXFrameworksBuildPhase;
			buildActionMask = 2147483647;
			files = (
			);
			runOnlyForDeploymentPostprocessing = 0;
		};
		E2934D86264FB43F008DB3EF /* Frameworks */ = {
			isa = PBXFrameworksBuildPhase;
			buildActionMask = 2147483647;
			files = (
			);
			runOnlyForDeploymentPostprocessing = 0;
		};
/* End PBXFrameworksBuildPhase section */

/* Begin PBXGroup section */
		E2934D64264FB43B008DB3EF = {
			isa = PBXGroup;
			children = (
				E2934D6F264FB43B008DB3EF /* pokemonSerch */,
				E2934D81264FB43F008DB3EF /* pokemonSerchTests */,
				E2934D8C264FB43F008DB3EF /* pokemonSerchUITests */,
				E2934D6E264FB43B008DB3EF /* Products */,
			);
			sourceTree = "<group>";
		};
		E2934D6E264FB43B008DB3EF /* Products */ = {
			isa = PBXGroup;
			children = (
				E2934D6D264FB43B008DB3EF /* pokemonSerch.app */,
				E2934D7E264FB43F008DB3EF /* pokemonSerchTests.xctest */,
				E2934D89264FB43F008DB3EF /* pokemonSerchUITests.xctest */,
			);
			name = Products;
			sourceTree = "<group>";
		};
		E2934D6F264FB43B008DB3EF /* pokemonSerch */ = {
			isa = PBXGroup;
			children = (
				E2934DE52650E932008DB3EF /* Repository */,
				E2934DDC2650E8CC008DB3EF /* ViewModels */,
				E2934DD32650E7F9008DB3EF /* APIClients */,
				E2934DB6264FB694008DB3EF /* Utils */,
				E2934DAB264FB555008DB3EF /* Models */,
				E2934D9E264FB468008DB3EF /* Views */,
				E2934D70264FB43B008DB3EF /* pokemonSerchApp.swift */,
				E2934D74264FB43E008DB3EF /* Assets.xcassets */,
				E2934D79264FB43E008DB3EF /* Info.plist */,
				E2934D76264FB43E008DB3EF /* Preview Content */,
			);
			path = pokemonSerch;
			sourceTree = "<group>";
		};
		E2934D76264FB43E008DB3EF /* Preview Content */ = {
			isa = PBXGroup;
			children = (
				E2934E522651F6A7008DB3EF /* Mocks */,
				E2934D77264FB43E008DB3EF /* Preview Assets.xcassets */,
			);
			path = "Preview Content";
			sourceTree = "<group>";
		};
		E2934D81264FB43F008DB3EF /* pokemonSerchTests */ = {
			isa = PBXGroup;
			children = (
				E2934D82264FB43F008DB3EF /* PokemonListViewModelTests.swift */,
				E2934D84264FB43F008DB3EF /* Info.plist */,
			);
			path = pokemonSerchTests;
			sourceTree = "<group>";
		};
		E2934D8C264FB43F008DB3EF /* pokemonSerchUITests */ = {
			isa = PBXGroup;
			children = (
				E2934D8D264FB43F008DB3EF /* pokemonSerchUITests.swift */,
				E2934D8F264FB43F008DB3EF /* Info.plist */,
			);
			path = pokemonSerchUITests;
			sourceTree = "<group>";
		};
		E2934D9E264FB468008DB3EF /* Views */ = {
			isa = PBXGroup;
			children = (
				E2934D72264FB43B008DB3EF /* PokemonListView.swift */,
				E2934DC4264FB7EC008DB3EF /* PokemonDetailView.swift */,
				E2934DF32650FBC9008DB3EF /* PokemonSearchView.swift */,
			);
			path = Views;
			sourceTree = "<group>";
		};
		E2934DAB264FB555008DB3EF /* Models */ = {
			isa = PBXGroup;
			children = (
				E2934E4526510979008DB3EF /* Utilities.swift */,
				E2934E4026510948008DB3EF /* Resource.swift */,
				E2934E3026510894008DB3EF /* Berries.swift */,
				E2934E2C26510893008DB3EF /* Contests.swift */,
				E2934E2E26510893008DB3EF /* Encounters.swift */,
				E2934E3126510894008DB3EF /* Evolution.swift */,
				E2934E3226510894008DB3EF /* Games.swift */,
				E2934E2D26510893008DB3EF /* Items.swift */,
				E2934E2926510892008DB3EF /* Locations.swift */,
				E2934E2B26510893008DB3EF /* Machines.swift */,
				E2934E2F26510894008DB3EF /* Moves.swift */,
				E2934E2A26510893008DB3EF /* PokemonDetail.swift */,
				E2934DAC264FB59B008DB3EF /* Pokemons.swift */,
				E2934DB1264FB5B6008DB3EF /* Pokemon.swift */,
			);
			path = Models;
			sourceTree = "<group>";
		};
		E2934DB6264FB694008DB3EF /* Utils */ = {
			isa = PBXGroup;
			children = (
				E2934DB7264FB6AC008DB3EF /* Stateful.swift */,
			);
			path = Utils;
			sourceTree = "<group>";
		};
		E2934DD32650E7F9008DB3EF /* APIClients */ = {
			isa = PBXGroup;
			children = (
				E2934DD42650E81C008DB3EF /* PokemonAPIClient.swift */,
			);
			path = APIClients;
			sourceTree = "<group>";
		};
		E2934DDC2650E8CC008DB3EF /* ViewModels */ = {
			isa = PBXGroup;
			children = (
				E2934DDD2650E8E7008DB3EF /* PokemonListViewModel.swift */,
				E2934E4A26510B11008DB3EF /* PokemonDetailViewModel.swift */,
			);
			path = ViewModels;
			sourceTree = "<group>";
		};
		E2934DE52650E932008DB3EF /* Repository */ = {
			isa = PBXGroup;
			children = (
				E2934DE62650E951008DB3EF /* PokemonRepository.swift */,
			);
			path = Repository;
			sourceTree = "<group>";
		};
		E2934E522651F6A7008DB3EF /* Mocks */ = {
			isa = PBXGroup;
			children = (
				E2934E532651F6CF008DB3EF /* Pokemons+mock.swift */,
				E2934E5C2651F6F7008DB3EF /* Pokemon+mock.swift */,
			);
			path = Mocks;
			sourceTree = "<group>";
		};
/* End PBXGroup section */

/* Begin PBXNativeTarget section */
		E2934D6C264FB43B008DB3EF /* pokemonSerch */ = {
			isa = PBXNativeTarget;
			buildConfigurationList = E2934D92264FB43F008DB3EF /* Build configuration list for PBXNativeTarget "pokemonSerch" */;
			buildPhases = (
				E2934D69264FB43B008DB3EF /* Sources */,
				E2934D6A264FB43B008DB3EF /* Frameworks */,
				E2934D6B264FB43B008DB3EF /* Resources */,
			);
			buildRules = (
			);
			dependencies = (
			);
			name = pokemonSerch;
			productName = pokemonSerch;
			productReference = E2934D6D264FB43B008DB3EF /* pokemonSerch.app */;
			productType = "com.apple.product-type.application";
		};
		E2934D7D264FB43F008DB3EF /* pokemonSerchTests */ = {
			isa = PBXNativeTarget;
			buildConfigurationList = E2934D95264FB43F008DB3EF /* Build configuration list for PBXNativeTarget "pokemonSerchTests" */;
			buildPhases = (
				E2934D7A264FB43F008DB3EF /* Sources */,
				E2934D7B264FB43F008DB3EF /* Frameworks */,
				E2934D7C264FB43F008DB3EF /* Resources */,
			);
			buildRules = (
			);
			dependencies = (
				E2934D80264FB43F008DB3EF /* PBXTargetDependency */,
			);
			name = pokemonSerchTests;
			productName = pokemonSerchTests;
			productReference = E2934D7E264FB43F008DB3EF /* pokemonSerchTests.xctest */;
			productType = "com.apple.product-type.bundle.unit-test";
		};
		E2934D88264FB43F008DB3EF /* pokemonSerchUITests */ = {
			isa = PBXNativeTarget;
			buildConfigurationList = E2934D98264FB43F008DB3EF /* Build configuration list for PBXNativeTarget "pokemonSerchUITests" */;
			buildPhases = (
				E2934D85264FB43F008DB3EF /* Sources */,
				E2934D86264FB43F008DB3EF /* Frameworks */,
				E2934D87264FB43F008DB3EF /* Resources */,
			);
			buildRules = (
			);
			dependencies = (
				E2934D8B264FB43F008DB3EF /* PBXTargetDependency */,
			);
			name = pokemonSerchUITests;
			productName = pokemonSerchUITests;
			productReference = E2934D89264FB43F008DB3EF /* pokemonSerchUITests.xctest */;
			productType = "com.apple.product-type.bundle.ui-testing";
		};
/* End PBXNativeTarget section */

/* Begin PBXProject section */
		E2934D65264FB43B008DB3EF /* Project object */ = {
			isa = PBXProject;
			attributes = {
				LastSwiftUpdateCheck = 1220;
				LastUpgradeCheck = 1220;
				TargetAttributes = {
					E2934D6C264FB43B008DB3EF = {
						CreatedOnToolsVersion = 12.2;
					};
					E2934D7D264FB43F008DB3EF = {
						CreatedOnToolsVersion = 12.2;
						TestTargetID = E2934D6C264FB43B008DB3EF;
					};
					E2934D88264FB43F008DB3EF = {
						CreatedOnToolsVersion = 12.2;
						TestTargetID = E2934D6C264FB43B008DB3EF;
					};
				};
			};
			buildConfigurationList = E2934D68264FB43B008DB3EF /* Build configuration list for PBXProject "pokemonSerch" */;
			compatibilityVersion = "Xcode 9.3";
			developmentRegion = en;
			hasScannedForEncodings = 0;
			knownRegions = (
				en,
				Base,
			);
			mainGroup = E2934D64264FB43B008DB3EF;
			productRefGroup = E2934D6E264FB43B008DB3EF /* Products */;
			projectDirPath = "";
			projectRoot = "";
			targets = (
				E2934D6C264FB43B008DB3EF /* pokemonSerch */,
				E2934D7D264FB43F008DB3EF /* pokemonSerchTests */,
				E2934D88264FB43F008DB3EF /* pokemonSerchUITests */,
			);
		};
/* End PBXProject section */

/* Begin PBXResourcesBuildPhase section */
		E2934D6B264FB43B008DB3EF /* Resources */ = {
			isa = PBXResourcesBuildPhase;
			buildActionMask = 2147483647;
			files = (
				E2934D78264FB43E008DB3EF /* Preview Assets.xcassets in Resources */,
				E2934D75264FB43E008DB3EF /* Assets.xcassets in Resources */,
			);
			runOnlyForDeploymentPostprocessing = 0;
		};
		E2934D7C264FB43F008DB3EF /* Resources */ = {
			isa = PBXResourcesBuildPhase;
			buildActionMask = 2147483647;
			files = (
			);
			runOnlyForDeploymentPostprocessing = 0;
		};
		E2934D87264FB43F008DB3EF /* Resources */ = {
			isa = PBXResourcesBuildPhase;
			buildActionMask = 2147483647;
			files = (
			);
			runOnlyForDeploymentPostprocessing = 0;
		};
/* End PBXResourcesBuildPhase section */

/* Begin PBXSourcesBuildPhase section */
		E2934D69264FB43B008DB3EF /* Sources */ = {
			isa = PBXSourcesBuildPhase;
			buildActionMask = 2147483647;
			files = (
				E2934DB2264FB5B6008DB3EF /* Pokemon.swift in Sources */,
				E2934E3826510895008DB3EF /* Encounters.swift in Sources */,
				E2934E4626510979008DB3EF /* Utilities.swift in Sources */,
				E2934E3A26510895008DB3EF /* Berries.swift in Sources */,
				E2934E3C26510895008DB3EF /* Games.swift in Sources */,
				E2934E3726510895008DB3EF /* Items.swift in Sources */,
				E2934E3926510895008DB3EF /* Moves.swift in Sources */,
				E2934E542651F6CF008DB3EF /* Pokemons+mock.swift in Sources */,
				E2934E4126510948008DB3EF /* Resource.swift in Sources */,
				E2934E3B26510895008DB3EF /* Evolution.swift in Sources */,
				E2934E3526510895008DB3EF /* Machines.swift in Sources */,
				E2934E5D2651F6F7008DB3EF /* Pokemon+mock.swift in Sources */,
				E2934E3626510895008DB3EF /* Contests.swift in Sources */,
				E2934DE72650E951008DB3EF /* PokemonRepository.swift in Sources */,
				E2934DDE2650E8E7008DB3EF /* PokemonListViewModel.swift in Sources */,
				E2934DB8264FB6AC008DB3EF /* Stateful.swift in Sources */,
				E2934D73264FB43B008DB3EF /* PokemonListView.swift in Sources */,
				E2934DD52650E81C008DB3EF /* PokemonAPIClient.swift in Sources */,
				E2934DAD264FB59B008DB3EF /* Pokemons.swift in Sources */,
				E2934D71264FB43B008DB3EF /* pokemonSerchApp.swift in Sources */,
				E2934DC5264FB7EC008DB3EF /* PokemonDetailView.swift in Sources */,
				E2934E3326510895008DB3EF /* Locations.swift in Sources */,
				E2934E3426510895008DB3EF /* PokemonDetail.swift in Sources */,
				E2934DF42650FBC9008DB3EF /* PokemonSearchView.swift in Sources */,
				E2934E4B26510B11008DB3EF /* PokemonDetailViewModel.swift in Sources */,
			);
			runOnlyForDeploymentPostprocessing = 0;
		};
		E2934D7A264FB43F008DB3EF /* Sources */ = {
			isa = PBXSourcesBuildPhase;
			buildActionMask = 2147483647;
			files = (
				E2934E7D2651FE4A008DB3EF /* PokemonSearchView.swift in Sources */,
				E2934EB12651FEA3008DB3EF /* Berries.swift in Sources */,
				E2934E992651FE91008DB3EF /* Locations.swift in Sources */,
				E2934E952651FE8E008DB3EF /* Machines.swift in Sources */,
				E2934EA52651FE9C008DB3EF /* Evolution.swift in Sources */,
				E2934E752651FE45008DB3EF /* PokemonListView.swift in Sources */,
				E2934E9D2651FE97008DB3EF /* Items.swift in Sources */,
				E2934E8D2651FE85008DB3EF /* PokemonDetail.swift in Sources */,
				E2934D83264FB43F008DB3EF /* PokemonListViewModelTests.swift in Sources */,
				E2934EB52651FEA6008DB3EF /* Resource.swift in Sources */,
				E2934EAD2651FEA1008DB3EF /* Contests.swift in Sources */,
				E2934EB92651FEC4008DB3EF /* Pokemon+mock.swift in Sources */,
				E2934E852651FE7A008DB3EF /* PokemonAPIClient.swift in Sources */,
				E2934E892651FE7E008DB3EF /* Utilities.swift in Sources */,
				E2934E792651FE47008DB3EF /* PokemonDetailView.swift in Sources */,
				E2934E692651FE3B008DB3EF /* PokemonRepository.swift in Sources */,
				E2934E912651FE8C008DB3EF /* Moves.swift in Sources */,
				E2934EA92651FE9E008DB3EF /* Encounters.swift in Sources */,
				E2934E812651FE6A008DB3EF /* Stateful.swift in Sources */,
				E2934E652651FE25008DB3EF /* Pokemon.swift in Sources */,
				E2934E612651FE1B008DB3EF /* Pokemons.swift in Sources */,
				E2934E712651FE41008DB3EF /* PokemonDetailViewModel.swift in Sources */,
				E2934E6D2651FE3E008DB3EF /* PokemonListViewModel.swift in Sources */,
				E2934EA12651FE9A008DB3EF /* Games.swift in Sources */,
				E2934E582651F6D3008DB3EF /* Pokemons+mock.swift in Sources */,
			);
			runOnlyForDeploymentPostprocessing = 0;
		};
		E2934D85264FB43F008DB3EF /* Sources */ = {
			isa = PBXSourcesBuildPhase;
			buildActionMask = 2147483647;
			files = (
				E2934D8E264FB43F008DB3EF /* pokemonSerchUITests.swift in Sources */,
			);
			runOnlyForDeploymentPostprocessing = 0;
		};
/* End PBXSourcesBuildPhase section */

/* Begin PBXTargetDependency section */
		E2934D80264FB43F008DB3EF /* PBXTargetDependency */ = {
			isa = PBXTargetDependency;
			target = E2934D6C264FB43B008DB3EF /* pokemonSerch */;
			targetProxy = E2934D7F264FB43F008DB3EF /* PBXContainerItemProxy */;
		};
		E2934D8B264FB43F008DB3EF /* PBXTargetDependency */ = {
			isa = PBXTargetDependency;
			target = E2934D6C264FB43B008DB3EF /* pokemonSerch */;
			targetProxy = E2934D8A264FB43F008DB3EF /* PBXContainerItemProxy */;
		};
/* End PBXTargetDependency section */

/* Begin XCBuildConfiguration section */
		E2934D90264FB43F008DB3EF /* Debug */ = {
			isa = XCBuildConfiguration;
			buildSettings = {
				ALWAYS_SEARCH_USER_PATHS = NO;
				CLANG_ANALYZER_NONNULL = YES;
				CLANG_ANALYZER_NUMBER_OBJECT_CONVERSION = YES_AGGRESSIVE;
				CLANG_CXX_LANGUAGE_STANDARD = "gnu++14";
				CLANG_CXX_LIBRARY = "libc++";
				CLANG_ENABLE_MODULES = YES;
				CLANG_ENABLE_OBJC_ARC = YES;
				CLANG_ENABLE_OBJC_WEAK = YES;
				CLANG_WARN_BLOCK_CAPTURE_AUTORELEASING = YES;
				CLANG_WARN_BOOL_CONVERSION = YES;
				CLANG_WARN_COMMA = YES;
				CLANG_WARN_CONSTANT_CONVERSION = YES;
				CLANG_WARN_DEPRECATED_OBJC_IMPLEMENTATIONS = YES;
				CLANG_WARN_DIRECT_OBJC_ISA_USAGE = YES_ERROR;
				CLANG_WARN_DOCUMENTATION_COMMENTS = YES;
				CLANG_WARN_EMPTY_BODY = YES;
				CLANG_WARN_ENUM_CONVERSION = YES;
				CLANG_WARN_INFINITE_RECURSION = YES;
				CLANG_WARN_INT_CONVERSION = YES;
				CLANG_WARN_NON_LITERAL_NULL_CONVERSION = YES;
				CLANG_WARN_OBJC_IMPLICIT_RETAIN_SELF = YES;
				CLANG_WARN_OBJC_LITERAL_CONVERSION = YES;
				CLANG_WARN_OBJC_ROOT_CLASS = YES_ERROR;
				CLANG_WARN_QUOTED_INCLUDE_IN_FRAMEWORK_HEADER = YES;
				CLANG_WARN_RANGE_LOOP_ANALYSIS = YES;
				CLANG_WARN_STRICT_PROTOTYPES = YES;
				CLANG_WARN_SUSPICIOUS_MOVE = YES;
				CLANG_WARN_UNGUARDED_AVAILABILITY = YES_AGGRESSIVE;
				CLANG_WARN_UNREACHABLE_CODE = YES;
				CLANG_WARN__DUPLICATE_METHOD_MATCH = YES;
				COPY_PHASE_STRIP = NO;
				DEBUG_INFORMATION_FORMAT = dwarf;
				ENABLE_STRICT_OBJC_MSGSEND = YES;
				ENABLE_TESTABILITY = YES;
				GCC_C_LANGUAGE_STANDARD = gnu11;
				GCC_DYNAMIC_NO_PIC = NO;
				GCC_NO_COMMON_BLOCKS = YES;
				GCC_OPTIMIZATION_LEVEL = 0;
				GCC_PREPROCESSOR_DEFINITIONS = (
					"DEBUG=1",
					"$(inherited)",
				);
				GCC_WARN_64_TO_32_BIT_CONVERSION = YES;
				GCC_WARN_ABOUT_RETURN_TYPE = YES_ERROR;
				GCC_WARN_UNDECLARED_SELECTOR = YES;
				GCC_WARN_UNINITIALIZED_AUTOS = YES_AGGRESSIVE;
				GCC_WARN_UNUSED_FUNCTION = YES;
				GCC_WARN_UNUSED_VARIABLE = YES;
				IPHONEOS_DEPLOYMENT_TARGET = 14.2;
				MTL_ENABLE_DEBUG_INFO = INCLUDE_SOURCE;
				MTL_FAST_MATH = YES;
				ONLY_ACTIVE_ARCH = YES;
				SDKROOT = iphoneos;
				SWIFT_ACTIVE_COMPILATION_CONDITIONS = DEBUG;
				SWIFT_OPTIMIZATION_LEVEL = "-Onone";
			};
			name = Debug;
		};
		E2934D91264FB43F008DB3EF /* Release */ = {
			isa = XCBuildConfiguration;
			buildSettings = {
				ALWAYS_SEARCH_USER_PATHS = NO;
				CLANG_ANALYZER_NONNULL = YES;
				CLANG_ANALYZER_NUMBER_OBJECT_CONVERSION = YES_AGGRESSIVE;
				CLANG_CXX_LANGUAGE_STANDARD = "gnu++14";
				CLANG_CXX_LIBRARY = "libc++";
				CLANG_ENABLE_MODULES = YES;
				CLANG_ENABLE_OBJC_ARC = YES;
				CLANG_ENABLE_OBJC_WEAK = YES;
				CLANG_WARN_BLOCK_CAPTURE_AUTORELEASING = YES;
				CLANG_WARN_BOOL_CONVERSION = YES;
				CLANG_WARN_COMMA = YES;
				CLANG_WARN_CONSTANT_CONVERSION = YES;
				CLANG_WARN_DEPRECATED_OBJC_IMPLEMENTATIONS = YES;
				CLANG_WARN_DIRECT_OBJC_ISA_USAGE = YES_ERROR;
				CLANG_WARN_DOCUMENTATION_COMMENTS = YES;
				CLANG_WARN_EMPTY_BODY = YES;
				CLANG_WARN_ENUM_CONVERSION = YES;
				CLANG_WARN_INFINITE_RECURSION = YES;
				CLANG_WARN_INT_CONVERSION = YES;
				CLANG_WARN_NON_LITERAL_NULL_CONVERSION = YES;
				CLANG_WARN_OBJC_IMPLICIT_RETAIN_SELF = YES;
				CLANG_WARN_OBJC_LITERAL_CONVERSION = YES;
				CLANG_WARN_OBJC_ROOT_CLASS = YES_ERROR;
				CLANG_WARN_QUOTED_INCLUDE_IN_FRAMEWORK_HEADER = YES;
				CLANG_WARN_RANGE_LOOP_ANALYSIS = YES;
				CLANG_WARN_STRICT_PROTOTYPES = YES;
				CLANG_WARN_SUSPICIOUS_MOVE = YES;
				CLANG_WARN_UNGUARDED_AVAILABILITY = YES_AGGRESSIVE;
				CLANG_WARN_UNREACHABLE_CODE = YES;
				CLANG_WARN__DUPLICATE_METHOD_MATCH = YES;
				COPY_PHASE_STRIP = NO;
				DEBUG_INFORMATION_FORMAT = "dwarf-with-dsym";
				ENABLE_NS_ASSERTIONS = NO;
				ENABLE_STRICT_OBJC_MSGSEND = YES;
				GCC_C_LANGUAGE_STANDARD = gnu11;
				GCC_NO_COMMON_BLOCKS = YES;
				GCC_WARN_64_TO_32_BIT_CONVERSION = YES;
				GCC_WARN_ABOUT_RETURN_TYPE = YES_ERROR;
				GCC_WARN_UNDECLARED_SELECTOR = YES;
				GCC_WARN_UNINITIALIZED_AUTOS = YES_AGGRESSIVE;
				GCC_WARN_UNUSED_FUNCTION = YES;
				GCC_WARN_UNUSED_VARIABLE = YES;
				IPHONEOS_DEPLOYMENT_TARGET = 14.2;
				MTL_ENABLE_DEBUG_INFO = NO;
				MTL_FAST_MATH = YES;
				SDKROOT = iphoneos;
				SWIFT_COMPILATION_MODE = wholemodule;
				SWIFT_OPTIMIZATION_LEVEL = "-O";
				VALIDATE_PRODUCT = YES;
			};
			name = Release;
		};
		E2934D93264FB43F008DB3EF /* Debug */ = {
			isa = XCBuildConfiguration;
			buildSettings = {
				ASSETCATALOG_COMPILER_APPICON_NAME = AppIcon;
				ASSETCATALOG_COMPILER_GLOBAL_ACCENT_COLOR_NAME = AccentColor;
				CODE_SIGN_STYLE = Automatic;
				DEVELOPMENT_ASSET_PATHS = "\"pokemonSerch/Preview Content\"";
				DEVELOPMENT_TEAM = BB7VX52PGM;
				ENABLE_PREVIEWS = YES;
				INFOPLIST_FILE = pokemonSerch/Info.plist;
				IPHONEOS_DEPLOYMENT_TARGET = 14.0;
				LD_RUNPATH_SEARCH_PATHS = (
					"$(inherited)",
					"@executable_path/Frameworks",
				);
				PRODUCT_BUNDLE_IDENTIFIER = tomoki.katsu.pokemonSerch;
				PRODUCT_NAME = "$(TARGET_NAME)";
				SWIFT_VERSION = 5.0;
				TARGETED_DEVICE_FAMILY = "1,2";
			};
			name = Debug;
		};
		E2934D94264FB43F008DB3EF /* Release */ = {
			isa = XCBuildConfiguration;
			buildSettings = {
				ASSETCATALOG_COMPILER_APPICON_NAME = AppIcon;
				ASSETCATALOG_COMPILER_GLOBAL_ACCENT_COLOR_NAME = AccentColor;
				CODE_SIGN_STYLE = Automatic;
				DEVELOPMENT_ASSET_PATHS = "\"pokemonSerch/Preview Content\"";
				DEVELOPMENT_TEAM = BB7VX52PGM;
				ENABLE_PREVIEWS = YES;
				INFOPLIST_FILE = pokemonSerch/Info.plist;
				IPHONEOS_DEPLOYMENT_TARGET = 14.0;
				LD_RUNPATH_SEARCH_PATHS = (
					"$(inherited)",
					"@executable_path/Frameworks",
				);
				PRODUCT_BUNDLE_IDENTIFIER = tomoki.katsu.pokemonSerch;
				PRODUCT_NAME = "$(TARGET_NAME)";
				SWIFT_VERSION = 5.0;
				TARGETED_DEVICE_FAMILY = "1,2";
			};
			name = Release;
		};
		E2934D96264FB43F008DB3EF /* Debug */ = {
			isa = XCBuildConfiguration;
			buildSettings = {
				ALWAYS_EMBED_SWIFT_STANDARD_LIBRARIES = YES;
				BUNDLE_LOADER = "$(TEST_HOST)";
				CODE_SIGN_STYLE = Automatic;
				DEVELOPMENT_TEAM = BB7VX52PGM;
				INFOPLIST_FILE = pokemonSerchTests/Info.plist;
				IPHONEOS_DEPLOYMENT_TARGET = 14.0;
				LD_RUNPATH_SEARCH_PATHS = (
					"$(inherited)",
					"@executable_path/Frameworks",
					"@loader_path/Frameworks",
				);
				PRODUCT_BUNDLE_IDENTIFIER = tomoki.katsu.pokemonSerchTests;
				PRODUCT_NAME = "$(TARGET_NAME)";
				SWIFT_VERSION = 5.0;
				TARGETED_DEVICE_FAMILY = "1,2";
				TEST_HOST = "$(BUILT_PRODUCTS_DIR)/pokemonSerch.app/pokemonSerch";
			};
			name = Debug;
		};
		E2934D97264FB43F008DB3EF /* Release */ = {
			isa = XCBuildConfiguration;
			buildSettings = {
				ALWAYS_EMBED_SWIFT_STANDARD_LIBRARIES = YES;
				BUNDLE_LOADER = "$(TEST_HOST)";
				CODE_SIGN_STYLE = Automatic;
				DEVELOPMENT_TEAM = BB7VX52PGM;
				INFOPLIST_FILE = pokemonSerchTests/Info.plist;
				IPHONEOS_DEPLOYMENT_TARGET = 14.0;
				LD_RUNPATH_SEARCH_PATHS = (
					"$(inherited)",
					"@executable_path/Frameworks",
					"@loader_path/Frameworks",
				);
				PRODUCT_BUNDLE_IDENTIFIER = tomoki.katsu.pokemonSerchTests;
				PRODUCT_NAME = "$(TARGET_NAME)";
				SWIFT_VERSION = 5.0;
				TARGETED_DEVICE_FAMILY = "1,2";
				TEST_HOST = "$(BUILT_PRODUCTS_DIR)/pokemonSerch.app/pokemonSerch";
			};
			name = Release;
		};
		E2934D99264FB43F008DB3EF /* Debug */ = {
			isa = XCBuildConfiguration;
			buildSettings = {
				ALWAYS_EMBED_SWIFT_STANDARD_LIBRARIES = YES;
				CODE_SIGN_STYLE = Automatic;
				DEVELOPMENT_TEAM = BB7VX52PGM;
				INFOPLIST_FILE = pokemonSerchUITests/Info.plist;
				LD_RUNPATH_SEARCH_PATHS = (
					"$(inherited)",
					"@executable_path/Frameworks",
					"@loader_path/Frameworks",
				);
				PRODUCT_BUNDLE_IDENTIFIER = tomoki.katsu.pokemonSerchUITests;
				PRODUCT_NAME = "$(TARGET_NAME)";
				SWIFT_VERSION = 5.0;
				TARGETED_DEVICE_FAMILY = "1,2";
				TEST_TARGET_NAME = pokemonSerch;
			};
			name = Debug;
		};
		E2934D9A264FB43F008DB3EF /* Release */ = {
			isa = XCBuildConfiguration;
			buildSettings = {
				ALWAYS_EMBED_SWIFT_STANDARD_LIBRARIES = YES;
				CODE_SIGN_STYLE = Automatic;
				DEVELOPMENT_TEAM = BB7VX52PGM;
				INFOPLIST_FILE = pokemonSerchUITests/Info.plist;
				LD_RUNPATH_SEARCH_PATHS = (
					"$(inherited)",
					"@executable_path/Frameworks",
					"@loader_path/Frameworks",
				);
				PRODUCT_BUNDLE_IDENTIFIER = tomoki.katsu.pokemonSerchUITests;
				PRODUCT_NAME = "$(TARGET_NAME)";
				SWIFT_VERSION = 5.0;
				TARGETED_DEVICE_FAMILY = "1,2";
				TEST_TARGET_NAME = pokemonSerch;
			};
			name = Release;
		};
/* End XCBuildConfiguration section */

/* Begin XCConfigurationList section */
		E2934D68264FB43B008DB3EF /* Build configuration list for PBXProject "pokemonSerch" */ = {
			isa = XCConfigurationList;
			buildConfigurations = (
				E2934D90264FB43F008DB3EF /* Debug */,
				E2934D91264FB43F008DB3EF /* Release */,
			);
			defaultConfigurationIsVisible = 0;
			defaultConfigurationName = Release;
		};
		E2934D92264FB43F008DB3EF /* Build configuration list for PBXNativeTarget "pokemonSerch" */ = {
			isa = XCConfigurationList;
			buildConfigurations = (
				E2934D93264FB43F008DB3EF /* Debug */,
				E2934D94264FB43F008DB3EF /* Release */,
			);
			defaultConfigurationIsVisible = 0;
			defaultConfigurationName = Release;
		};
		E2934D95264FB43F008DB3EF /* Build configuration list for PBXNativeTarget "pokemonSerchTests" */ = {
			isa = XCConfigurationList;
			buildConfigurations = (
				E2934D96264FB43F008DB3EF /* Debug */,
				E2934D97264FB43F008DB3EF /* Release */,
			);
			defaultConfigurationIsVisible = 0;
			defaultConfigurationName = Release;
		};
		E2934D98264FB43F008DB3EF /* Build configuration list for PBXNativeTarget "pokemonSerchUITests" */ = {
			isa = XCConfigurationList;
			buildConfigurations = (
				E2934D99264FB43F008DB3EF /* Debug */,
				E2934D9A264FB43F008DB3EF /* Release */,
			);
			defaultConfigurationIsVisible = 0;
			defaultConfigurationName = Release;
		};
/* End XCConfigurationList section */
	};
	rootObject = E2934D65264FB43B008DB3EF /* Project object */;
}
